
Microsoft Visual Studio Solution File, Format Version 12.00
# Visual Studio Version 16
VisualStudioVersion = 16.0.31424.327
MinimumVisualStudioVersion = 10.0.40219.1
Project("{2150E333-8FDC-42A3-9474-1A3956D46DE8}") = "Presentation", "Presentation", "{7FECA0F8-37B4-41C9-A4EC-5BA60D3C244F}"
EndProject
Project("{2150E333-8FDC-42A3-9474-1A3956D46DE8}") = "Api", "Api", "{5FF967E4-0372-48AA-82DB-26C837ED2409}"
EndProject
Project("{2150E333-8FDC-42A3-9474-1A3956D46DE8}") = "Application", "Application", "{C8535712-2149-4ADB-97CA-4642E8022405}"
EndProject
Project("{2150E333-8FDC-42A3-9474-1A3956D46DE8}") = "Domain", "Domain", "{93A26FA0-1D18-4B01-B815-778C0707EED1}"
EndProject
Project("{2150E333-8FDC-42A3-9474-1A3956D46DE8}") = "Infra.Data", "Infra.Data", "{677A1530-440F-4C99-8C29-9CCC7C761069}"
EndProject
Project("{2150E333-8FDC-42A3-9474-1A3956D46DE8}") = "Infra.Bus", "Infra.Bus", "{68DED99D-0728-4CFC-88ED-4A0FD21A95B7}"
EndProject
Project("{2150E333-8FDC-42A3-9474-1A3956D46DE8}") = "Infra.Ioc", "Infra.Ioc", "{F7C163F1-2345-4A66-B158-9098D1F877CF}"
EndProject
Project("{FAE04EC0-301F-11D3-BF4B-00C04F79EFBC}") = "CleanArch.Mvc", "CleanArch.Mvc\CleanArch.Mvc.csproj", "{A3048A65-21E5-4133-A6E7-429EBF05EDA6}"
EndProject
Project("{FAE04EC0-301F-11D3-BF4B-00C04F79EFBC}") = "CleanArch.Domain", "CleanArch.Domain\CleanArch.Domain.csproj", "{B44989AB-A04A-4B51-9837-308CFF9B71CF}"
EndProject
Project("{FAE04EC0-301F-11D3-BF4B-00C04F79EFBC}") = "CleanArch.Infra.Data", "CleanArch.Infra.Data\CleanArch.Infra.Data.csproj", "{98267EEF-7690-46A2-84E7-3F0CE8348312}"
EndProject
Global
	GlobalSection(SolutionConfigurationPlatforms) = preSolution
		Debug|Any CPU = Debug|Any CPU
		Release|Any CPU = Release|Any CPU
	EndGlobalSection
	GlobalSection(ProjectConfigurationPlatforms) = postSolution
		{A3048A65-21E5-4133-A6E7-429EBF05EDA6}.Debug|Any CPU.ActiveCfg = Debug|Any CPU
		{A3048A65-21E5-4133-A6E7-429EBF05EDA6}.Debug|Any CPU.Build.0 = Debug|Any CPU
		{A3048A65-21E5-4133-A6E7-429EBF05EDA6}.Release|Any CPU.ActiveCfg = Release|Any CPU
		{A3048A65-21E5-4133-A6E7-429EBF05EDA6}.Release|Any CPU.Build.0 = Release|Any CPU
		{B44989AB-A04A-4B51-9837-308CFF9B71CF}.Debug|Any CPU.ActiveCfg = Debug|Any CPU
		{B44989AB-A04A-4B51-9837-308CFF9B71CF}.Debug|Any CPU.Build.0 = Debug|Any CPU
		{B44989AB-A04A-4B51-9837-308CFF9B71CF}.Release|Any CPU.ActiveCfg = Release|Any CPU
		{B44989AB-A04A-4B51-9837-308CFF9B71CF}.Release|Any CPU.Build.0 = Release|Any CPU
		{98267EEF-7690-46A2-84E7-3F0CE8348312}.Debug|Any CPU.ActiveCfg = Debug|Any CPU
		{98267EEF-7690-46A2-84E7-3F0CE8348312}.Debug|Any CPU.Build.0 = Debug|Any CPU
		{98267EEF-7690-46A2-84E7-3F0CE8348312}.Release|Any CPU.ActiveCfg = Release|Any CPU
		{98267EEF-7690-46A2-84E7-3F0CE8348312}.Release|Any CPU.Build.0 = Release|Any CPU
	EndGlobalSection
	GlobalSection(SolutionProperties) = preSolution
		HideSolutionNode = FALSE
	EndGlobalSection
	GlobalSection(NestedProjects) = preSolution
		{A3048A65-21E5-4133-A6E7-429EBF05EDA6} = {7FECA0F8-37B4-41C9-A4EC-5BA60D3C244F}
		{B44989AB-A04A-4B51-9837-308CFF9B71CF} = {93A26FA0-1D18-4B01-B815-778C0707EED1}
		{98267EEF-7690-46A2-84E7-3F0CE8348312} = {677A1530-440F-4C99-8C29-9CCC7C761069}
	EndGlobalSection
	GlobalSection(ExtensibilityGlobals) = postSolution
		SolutionGuid = {729267EA-3655-40AC-AD33-A5415D53393C}
	EndGlobalSection
EndGlobal
